// !$*UTF8*$!
{
	archiveVersion = 1;
	classes = {
	};
	objectVersion = 48;
	objects = {

/* Begin PBXBuildFile section */
		EC9CE3CC2088E64600A79AA1 /* AppDelegate.swift in Sources */ = {isa = PBXBuildFile; fileRef = EC9CE3CB2088E64600A79AA1 /* AppDelegate.swift */; };
		EC9CE3CE2088E64600A79AA1 /* ViewController.swift in Sources */ = {isa = PBXBuildFile; fileRef = EC9CE3CD2088E64600A79AA1 /* ViewController.swift */; };
		EC9CE3D12088E64600A79AA1 /* Main.storyboard in Resources */ = {isa = PBXBuildFile; fileRef = EC9CE3CF2088E64600A79AA1 /* Main.storyboard */; };
		EC9CE3D32088E64600A79AA1 /* Assets.xcassets in Resources */ = {isa = PBXBuildFile; fileRef = EC9CE3D22088E64600A79AA1 /* Assets.xcassets */; };
		EC9CE3D62088E64600A79AA1 /* LaunchScreen.storyboard in Resources */ = {isa = PBXBuildFile; fileRef = EC9CE3D42088E64600A79AA1 /* LaunchScreen.storyboard */; };
/* End PBXBuildFile section */

/* Begin PBXFileReference section */
		EC9CE3C82088E64600A79AA1 /* MAPD724-W2018-Lesson12-Part1.app */ = {isa = PBXFileReference; explicitFileType = wrapper.application; includeInIndex = 0; path = "MAPD724-W2018-Lesson12-Part1.app"; sourceTree = BUILT_PRODUCTS_DIR; };
		EC9CE3CB2088E64600A79AA1 /* AppDelegate.swift */ = {isa = PBXFileReference; lastKnownFileType = sourcecode.swift; path = AppDelegate.swift; sourceTree = "<group>"; };
		EC9CE3CD2088E64600A79AA1 /* ViewController.swift */ = {isa = PBXFileReference; lastKnownFileType = sourcecode.swift; path = ViewController.swift; sourceTree = "<group>"; };
		EC9CE3D02088E64600A79AA1 /* Base */ = {isa = PBXFileReference; lastKnownFileType = file.storyboard; name = Base; path = Base.lproj/Main.storyboard; sourceTree = "<group>"; };
		EC9CE3D22088E64600A79AA1 /* Assets.xcassets */ = {isa = PBXFileReference; lastKnownFileType = folder.assetcatalog; path = Assets.xcassets; sourceTree = "<group>"; };
		EC9CE3D52088E64600A79AA1 /* Base */ = {isa = PBXFileReference; lastKnownFileType = file.storyboard; name = Base; path = Base.lproj/LaunchScreen.storyboard; sourceTree = "<group>"; };
		EC9CE3D72088E64600A79AA1 /* Info.plist */ = {isa = PBXFileReference; lastKnownFileType = text.plist.xml; path = Info.plist; sourceTree = "<group>"; };
/* End PBXFileReference section */

/* Begin PBXFrameworksBuildPhase section */
		EC9CE3C52088E64600A79AA1 /* Frameworks */ = {
			isa = PBXFrameworksBuildPhase;
			buildActionMask = 2147483647;
			files = (
			);
			runOnlyForDeploymentPostprocessing = 0;
		};
/* End PBXFrameworksBuildPhase section */

/* Begin PBXGroup section */
		EC9CE3BF2088E64600A79AA1 = {
			isa = PBXGroup;
			children = (
				EC9CE3CA2088E64600A79AA1 /* MAPD724-W2018-Lesson12-Part1 */,
				EC9CE3C92088E64600A79AA1 /* Products */,
			);
			sourceTree = "<group>";
		};
		EC9CE3C92088E64600A79AA1 /* Products */ = {
			isa = PBXGroup;
			children = (
				EC9CE3C82088E64600A79AA1 /* MAPD724-W2018-Lesson12-Part1.app */,
			);
			name = Products;
			sourceTree = "<group>";
		};
		EC9CE3CA2088E64600A79AA1 /* MAPD724-W2018-Lesson12-Part1 */ = {
			isa = PBXGroup;
			children = (
				EC9CE3CB2088E64600A79AA1 /* AppDelegate.swift */,
				EC9CE3CD2088E64600A79AA1 /* ViewController.swift */,
				EC9CE3CF2088E64600A79AA1 /* Main.storyboard */,
				EC9CE3D22088E64600A79AA1 /* Assets.xcassets */,
				EC9CE3D42088E64600A79AA1 /* LaunchScreen.storyboard */,
				EC9CE3D72088E64600A79AA1 /* Info.plist */,
			);
			path = "MAPD724-W2018-Lesson12-Part1";
			sourceTree = "<group>";
		};
/* End PBXGroup section */

/* Begin PBXNativeTarget section */
		EC9CE3C72088E64600A79AA1 /* MAPD724-W2018-Lesson12-Part1 */ = {
			isa = PBXNativeTarget;
			buildConfigurationList = EC9CE3DA2088E64600A79AA1 /* Build configuration list for PBXNativeTarget "MAPD724-W2018-Lesson12-Part1" */;
			buildPhases = (
				EC9CE3C42088E64600A79AA1 /* Sources */,
				EC9CE3C52088E64600A79AA1 /* Frameworks */,
				EC9CE3C62088E64600A79AA1 /* Resources */,
			);
			buildRules = (
			);
			dependencies = (
			);
			name = "MAPD724-W2018-Lesson12-Part1";
			productName = "MAPD724-W2018-Lesson12-Part1";
			productReference = EC9CE3C82088E64600A79AA1 /* MAPD724-W2018-Lesson12-Part1.app */;
			productType = "com.apple.product-type.application";
		};
/* End PBXNativeTarget section */

/* Begin PBXProject section */
		EC9CE3C02088E64600A79AA1 /* Project object */ = {
			isa = PBXProject;
			attributes = {
				LastSwiftUpdateCheck = 0900;
				LastUpgradeCheck = 0900;
				ORGANIZATIONNAME = "Centennial College";
				TargetAttributes = {
					EC9CE3C72088E64600A79AA1 = {
						CreatedOnToolsVersion = 9.0.1;
						ProvisioningStyle = Automatic;
					};
				};
			};
			buildConfigurationList = EC9CE3C32088E64600A79AA1 /* Build configuration list for PBXProject "MAPD724-W2018-Lesson12-Part1" */;
			compatibilityVersion = "Xcode 8.0";
			developmentRegion = en;
			hasScannedForEncodings = 0;
			knownRegions = (
				en,
				Base,
			);
			mainGroup = EC9CE3BF2088E64600A79AA1;
			productRefGroup = EC9CE3C92088E64600A79AA1 /* Products */;
			projectDirPath = "";
			projectRoot = "";
			targets = (
				EC9CE3C72088E64600A79AA1 /* MAPD724-W2018-Lesson12-Part1 */,
			);
		};
/* End PBXProject section */

/* Begin PBXResourcesBuildPhase section */
		EC9CE3C62088E64600A79AA1 /* Resources */ = {
			isa = PBXResourcesBuildPhase;
			buildActionMask = 2147483647;
			files = (
				EC9CE3D62088E64600A79AA1 /* LaunchScreen.storyboard in Resources */,
				EC9CE3D32088E64600A79AA1 /* Assets.xcassets in Resources */,
				EC9CE3D12088E64600A79AA1 /* Main.storyboard in Resources */,
			);
			runOnlyForDeploymentPostprocessing = 0;
		};
/* End PBXResourcesBuildPhase section */

/* Begin PBXSourcesBuildPhase section */
		EC9CE3C42088E64600A79AA1 /* Sources */ = {
			isa = PBXSourcesBuildPhase;
			buildActionMask = 2147483647;
			files = (
				EC9CE3CE2088E64600A79AA1 /* ViewController.swift in Sources */,
				EC9CE3CC2088E64600A79AA1 /* AppDelegate.swift in Sources */,
			);
			runOnlyForDeploymentPostprocessing = 0;
		};
/* End PBXSourcesBuildPhase section */

/* Begin PBXVariantGroup section */
		EC9CE3CF2088E64600A79AA1 /* Main.storyboard */ = {
			isa = PBXVariantGroup;
			children = (
				EC9CE3D02088E64600A79AA1 /* Base */,
			);
			name = Main.storyboard;
			sourceTree = "<group>";
		};
		EC9CE3D42088E64600A79AA1 /* LaunchScreen.storyboard */ = {
			isa = PBXVariantGroup;
			children = (
				EC9CE3D52088E64600A79AA1 /* Base */,
			);
			name = LaunchScreen.storyboard;
			sourceTree = "<group>";
		};
/* End PBXVariantGroup section */

/* Begin XCBuildConfiguration section */
		EC9CE3D82088E64600A79AA1 /* Debug */ = {
			isa = XCBuildConfiguration;
			buildSettings = {
				ALWAYS_SEARCH_USER_PATHS = NO;
				CLANG_ANALYZER_NONNULL = YES;
				CLANG_ANALYZER_NUMBER_OBJECT_CONVERSION = YES_AGGRESSIVE;
				CLANG_CXX_LANGUAGE_STANDARD = "gnu++14";
				CLANG_CXX_LIBRARY = "libc++";
				CLANG_ENABLE_MODULES = YES;
				CLANG_ENABLE_OBJC_ARC = YES;
				CLANG_WARN_BLOCK_CAPTURE_AUTORELEASING = YES;
				CLANG_WARN_BOOL_CONVERSION = YES;
				CLANG_WARN_COMMA = YES;
				CLANG_WARN_CONSTANT_CONVERSION = YES;
				CLANG_WARN_DIRECT_OBJC_ISA_USAGE = YES_ERROR;
				CLANG_WARN_DOCUMENTATION_COMMENTS = YES;
				CLANG_WARN_EMPTY_BODY = YES;
				CLANG_WARN_ENUM_CONVERSION = YES;
				CLANG_WARN_INFINITE_RECURSION = YES;
				CLANG_WARN_INT_CONVERSION = YES;
				CLANG_WARN_NON_LITERAL_NULL_CONVERSION = YES;
				CLANG_WARN_OBJC_LITERAL_CONVERSION = YES;
				CLANG_WARN_OBJC_ROOT_CLASS = YES_ERROR;
				CLANG_WARN_RANGE_LOOP_ANALYSIS = YES;
				CLANG_WARN_STRICT_PROTOTYPES = YES;
				CLANG_WARN_SUSPICIOUS_MOVE = YES;
				CLANG_WARN_UNGUARDED_AVAILABILITY = YES_AGGRESSIVE;
				CLANG_WARN_UNREACHABLE_CODE = YES;
				CLANG_WARN__DUPLICATE_METHOD_MATCH = YES;
				CODE_SIGN_IDENTITY = "iPhone Developer";
				COPY_PHASE_STRIP = NO;
				DEBUG_INFORMATION_FORMAT = dwarf;
				ENABLE_STRICT_OBJC_MSGSEND = YES;
				ENABLE_TESTABILITY = YES;
				GCC_C_LANGUAGE_STANDARD = gnu11;
				GCC_DYNAMIC_NO_PIC = NO;
				GCC_NO_COMMON_BLOCKS = YES;
				GCC_OPTIMIZATION_LEVEL = 0;
				GCC_PREPROCESSOR_DEFINITIONS = (
					"DEBUG=1",
					"$(inherited)",
				);
				GCC_WARN_64_TO_32_BIT_CONVERSION = YES;
				GCC_WARN_ABOUT_RETURN_TYPE = YES_ERROR;
				GCC_WARN_UNDECLARED_SELECTOR = YES;
				GCC_WARN_UNINITIALIZED_AUTOS = YES_AGGRESSIVE;
				GCC_WARN_UNUSED_FUNCTION = YES;
				GCC_WARN_UNUSED_VARIABLE = YES;
				IPHONEOS_DEPLOYMENT_TARGET = 11.0;
				MTL_ENABLE_DEBUG_INFO = YES;
				ONLY_ACTIVE_ARCH = YES;
				SDKROOT = iphoneos;
				SWIFT_ACTIVE_COMPILATION_CONDITIONS = DEBUG;
				SWIFT_OPTIMIZATION_LEVEL = "-Onone";
			};
			name = Debug;
		};
		EC9CE3D92088E64600A79AA1 /* Release */ = {
			isa = XCBuildConfiguration;
			buildSettings = {
				ALWAYS_SEARCH_USER_PATHS = NO;
				CLANG_ANALYZER_NONNULL = YES;
				CLANG_ANALYZER_NUMBER_OBJECT_CONVERSION = YES_AGGRESSIVE;
				CLANG_CXX_LANGUAGE_STANDARD = "gnu++14";
				CLANG_CXX_LIBRARY = "libc++";
				CLANG_ENABLE_MODULES = YES;
				CLANG_ENABLE_OBJC_ARC = YES;
				CLANG_WARN_BLOCK_CAPTURE_AUTORELEASING = YES;
				CLANG_WARN_BOOL_CONVERSION = YES;
				CLANG_WARN_COMMA = YES;
				CLANG_WARN_CONSTANT_CONVERSION = YES;
				CLANG_WARN_DIRECT_OBJC_ISA_USAGE = YES_ERROR;
				CLANG_WARN_DOCUMENTATION_COMMENTS = YES;
				CLANG_WARN_EMPTY_BODY = YES;
				CLANG_WARN_ENUM_CONVERSION = YES;
				CLANG_WARN_INFINITE_RECURSION = YES;
				CLANG_WARN_INT_CONVERSION = YES;
				CLANG_WARN_NON_LITERAL_NULL_CONVERSION = YES;
				CLANG_WARN_OBJC_LITERAL_CONVERSION = YES;
				CLANG_WARN_OBJC_ROOT_CLASS = YES_ERROR;
				CLANG_WARN_RANGE_LOOP_ANALYSIS = YES;
				CLANG_WARN_STRICT_PROTOTYPES = YES;
				CLANG_WARN_SUSPICIOUS_MOVE = YES;
				CLANG_WARN_UNGUARDED_AVAILABILITY = YES_AGGRESSIVE;
				CLANG_WARN_UNREACHABLE_CODE = YES;
				CLANG_WARN__DUPLICATE_METHOD_MATCH = YES;
				CODE_SIGN_IDENTITY = "iPhone Developer";
				COPY_PHASE_STRIP = NO;
				DEBUG_INFORMATION_FORMAT = "dwarf-with-dsym";
				ENABLE_NS_ASSERTIONS = NO;
				ENABLE_STRICT_OBJC_MSGSEND = YES;
				GCC_C_LANGUAGE_STANDARD = gnu11;
				GCC_NO_COMMON_BLOCKS = YES;
				GCC_WARN_64_TO_32_BIT_CONVERSION = YES;
				GCC_WARN_ABOUT_RETURN_TYPE = YES_ERROR;
				GCC_WARN_UNDECLARED_SELECTOR = YES;
				GCC_WARN_UNINITIALIZED_AUTOS = YES_AGGRESSIVE;
				GCC_WARN_UNUSED_FUNCTION = YES;
				GCC_WARN_UNUSED_VARIABLE = YES;
				IPHONEOS_DEPLOYMENT_TARGET = 11.0;
				MTL_ENABLE_DEBUG_INFO = NO;
				SDKROOT = iphoneos;
				SWIFT_OPTIMIZATION_LEVEL = "-Owholemodule";
				VALIDATE_PRODUCT = YES;
			};
			name = Release;
		};
		EC9CE3DB2088E64600A79AA1 /* Debug */ = {
			isa = XCBuildConfiguration;
			buildSettings = {
				ASSETCATALOG_COMPILER_APPICON_NAME = AppIcon;
				CODE_SIGN_STYLE = Automatic;
				DEVELOPMENT_TEAM = 2BULHRS882;
				INFOPLIST_FILE = "MAPD724-W2018-Lesson12-Part1/Info.plist";
				LD_RUNPATH_SEARCH_PATHS = "$(inherited) @executable_path/Frameworks";
				PRODUCT_BUNDLE_IDENTIFIER = "ca.centennialcollege.MAPD724-W2018-Lesson12-Part1";
				PRODUCT_NAME = "$(TARGET_NAME)";
				SWIFT_VERSION = 4.0;
				TARGETED_DEVICE_FAMILY = "1,2";
			};
			name = Debug;
		};
		EC9CE3DC2088E64600A79AA1 /* Release */ = {
			isa = XCBuildConfiguration;
			buildSettings = {
				ASSETCATALOG_COMPILER_APPICON_NAME = AppIcon;
				CODE_SIGN_STYLE = Automatic;
				DEVELOPMENT_TEAM = 2BULHRS882;
				INFOPLIST_FILE = "MAPD724-W2018-Lesson12-Part1/Info.plist";
				LD_RUNPATH_SEARCH_PATHS = "$(inherited) @executable_path/Frameworks";
				PRODUCT_BUNDLE_IDENTIFIER = "ca.centennialcollege.MAPD724-W2018-Lesson12-Part1";
				PRODUCT_NAME = "$(TARGET_NAME)";
				SWIFT_VERSION = 4.0;
				TARGETED_DEVICE_FAMILY = "1,2";
			};
			name = Release;
		};
/* End XCBuildConfiguration section */

/* Begin XCConfigurationList section */
		EC9CE3C32088E64600A79AA1 /* Build configuration list for PBXProject "MAPD724-W2018-Lesson12-Part1" */ = {
			isa = XCConfigurationList;
			buildConfigurations = (
				EC9CE3D82088E64600A79AA1 /* Debug */,
				EC9CE3D92088E64600A79AA1 /* Release */,
			);
			defaultConfigurationIsVisible = 0;
			defaultConfigurationName = Release;
		};
		EC9CE3DA2088E64600A79AA1 /* Build configuration list for PBXNativeTarget "MAPD724-W2018-Lesson12-Part1" */ = {
			isa = XCConfigurationList;
			buildConfigurations = (
				EC9CE3DB2088E64600A79AA1 /* Debug */,
				EC9CE3DC2088E64600A79AA1 /* Release */,
			);
			defaultConfigurationIsVisible = 0;
			defaultConfigurationName = Release;
		};
/* End XCConfigurationList section */
	};
	rootObject = EC9CE3C02088E64600A79AA1 /* Project object */;
}
